{
  "object": {
    "pins": [
      {
        "package": "WandKit",
        "repositoryURL": "https://github.com/justnaa/WandKit",
        "state": {
          "branch": "love",
          "revision": "1ed07f2867cffa3554032e343e3b5d8b78d912b1",
          "version": null
        }
      }
    ]
  },
  "version": 1
}
