// !$*UTF8*$!
{
	archiveVersion = 1;
	classes = {
	};
	objectVersion = 52;
	objects = {

/* Begin PBXBuildFile section */
		864517C3264DCED300FB285B /* SpellRunnerViewController.swift in Sources */ = {isa = PBXBuildFile; fileRef = 864517C2264DCED300FB285B /* SpellRunnerViewController.swift */; };
		8692C05C264ABCF900F67D90 /* WPoint.swift in Sources */ = {isa = PBXBuildFile; fileRef = 8692C05B264ABCF900F67D90 /* WPoint.swift */; };
		869E9B3226485E910081B2A2 /* AppDelegate.swift in Sources */ = {isa = PBXBuildFile; fileRef = 869E9B3126485E910081B2A2 /* AppDelegate.swift */; };
		869E9B3426485E910081B2A2 /* SceneDelegate.swift in Sources */ = {isa = PBXBuildFile; fileRef = 869E9B3326485E910081B2A2 /* SceneDelegate.swift */; };
		869E9B3626485E910081B2A2 /* ViewController.swift in Sources */ = {isa = PBXBuildFile; fileRef = 869E9B3526485E910081B2A2 /* ViewController.swift */; };
		869E9B3926485E910081B2A2 /* Main.storyboard in Resources */ = {isa = PBXBuildFile; fileRef = 869E9B3726485E910081B2A2 /* Main.storyboard */; };
		869E9B3B26485E930081B2A2 /* Assets.xcassets in Resources */ = {isa = PBXBuildFile; fileRef = 869E9B3A26485E930081B2A2 /* Assets.xcassets */; };
		869E9B3E26485E930081B2A2 /* LaunchScreen.storyboard in Resources */ = {isa = PBXBuildFile; fileRef = 869E9B3C26485E930081B2A2 /* LaunchScreen.storyboard */; };
		869E9B4726485EAC0081B2A2 /* WandKit in Frameworks */ = {isa = PBXBuildFile; productRef = 869E9B4626485EAC0081B2A2 /* WandKit */; };
		86A0C96B2652A2CE00EA66EC /* SpellRunnerErrors.swift in Sources */ = {isa = PBXBuildFile; fileRef = 86A0C96A2652A2CE00EA66EC /* SpellRunnerErrors.swift */; };
		86A13D3D26530EFF0003955C /* SettingsViewController.swift in Sources */ = {isa = PBXBuildFile; fileRef = 86A13D3C26530EFF0003955C /* SettingsViewController.swift */; };
		86D80C9E26486ED800BBE936 /* State.swift in Sources */ = {isa = PBXBuildFile; fileRef = 86D80C9D26486ED800BBE936 /* State.swift */; };
		86D80CA126486FA000BBE936 /* ConnectingViewController.swift in Sources */ = {isa = PBXBuildFile; fileRef = 86D80CA026486FA000BBE936 /* ConnectingViewController.swift */; };
		86D80CA326486FDF00BBE936 /* UIViewControllerExtensions.swift in Sources */ = {isa = PBXBuildFile; fileRef = 86D80CA226486FDF00BBE936 /* UIViewControllerExtensions.swift */; };
		86D80CA5264870C800BBE936 /* ConstraintExtension.swift in Sources */ = {isa = PBXBuildFile; fileRef = 86D80CA4264870C800BBE936 /* ConstraintExtension.swift */; };
		86D80CA92648731D00BBE936 /* HomeViewController.swift in Sources */ = {isa = PBXBuildFile; fileRef = 86D80CA82648731D00BBE936 /* HomeViewController.swift */; };
		86D80CAB2648735800BBE936 /* SpellsViewController.swift in Sources */ = {isa = PBXBuildFile; fileRef = 86D80CAA2648735800BBE936 /* SpellsViewController.swift */; };
		86D80CAD264873F400BBE936 /* SpellsTableViewController.swift in Sources */ = {isa = PBXBuildFile; fileRef = 86D80CAC264873F400BBE936 /* SpellsTableViewController.swift */; };
		86D80CAF2648743300BBE936 /* SpellCreatorViewController.swift in Sources */ = {isa = PBXBuildFile; fileRef = 86D80CAE2648743300BBE936 /* SpellCreatorViewController.swift */; };
		86D80CB426487AED00BBE936 /* UIViewExtensions.swift in Sources */ = {isa = PBXBuildFile; fileRef = 86D80CB326487AED00BBE936 /* UIViewExtensions.swift */; };
		86D80CB726487F2000BBE936 /* Spell.swift in Sources */ = {isa = PBXBuildFile; fileRef = 86D80CB626487F2000BBE936 /* Spell.swift */; };
/* End PBXBuildFile section */

/* Begin PBXFileReference section */
		864517C2264DCED300FB285B /* SpellRunnerViewController.swift */ = {isa = PBXFileReference; lastKnownFileType = sourcecode.swift; path = SpellRunnerViewController.swift; sourceTree = "<group>"; };
		8692C05B264ABCF900F67D90 /* WPoint.swift */ = {isa = PBXFileReference; lastKnownFileType = sourcecode.swift; path = WPoint.swift; sourceTree = "<group>"; };
		869E9B2E26485E910081B2A2 /* wand.app */ = {isa = PBXFileReference; explicitFileType = wrapper.application; includeInIndex = 0; path = wand.app; sourceTree = BUILT_PRODUCTS_DIR; };
		869E9B3126485E910081B2A2 /* AppDelegate.swift */ = {isa = PBXFileReference; lastKnownFileType = sourcecode.swift; path = AppDelegate.swift; sourceTree = "<group>"; };
		869E9B3326485E910081B2A2 /* SceneDelegate.swift */ = {isa = PBXFileReference; lastKnownFileType = sourcecode.swift; path = SceneDelegate.swift; sourceTree = "<group>"; };
		869E9B3526485E910081B2A2 /* ViewController.swift */ = {isa = PBXFileReference; lastKnownFileType = sourcecode.swift; path = ViewController.swift; sourceTree = "<group>"; };
		869E9B3826485E910081B2A2 /* Base */ = {isa = PBXFileReference; lastKnownFileType = file.storyboard; name = Base; path = Base.lproj/Main.storyboard; sourceTree = "<group>"; };
		869E9B3A26485E930081B2A2 /* Assets.xcassets */ = {isa = PBXFileReference; lastKnownFileType = folder.assetcatalog; path = Assets.xcassets; sourceTree = "<group>"; };
		869E9B3D26485E930081B2A2 /* Base */ = {isa = PBXFileReference; lastKnownFileType = file.storyboard; name = Base; path = Base.lproj/LaunchScreen.storyboard; sourceTree = "<group>"; };
		869E9B3F26485E930081B2A2 /* Info.plist */ = {isa = PBXFileReference; lastKnownFileType = text.plist.xml; path = Info.plist; sourceTree = "<group>"; };
		86A0C96A2652A2CE00EA66EC /* SpellRunnerErrors.swift */ = {isa = PBXFileReference; lastKnownFileType = sourcecode.swift; path = SpellRunnerErrors.swift; sourceTree = "<group>"; };
		86A13D3C26530EFF0003955C /* SettingsViewController.swift */ = {isa = PBXFileReference; lastKnownFileType = sourcecode.swift; path = SettingsViewController.swift; sourceTree = "<group>"; };
		86D80C9D26486ED800BBE936 /* State.swift */ = {isa = PBXFileReference; lastKnownFileType = sourcecode.swift; path = State.swift; sourceTree = "<group>"; };
		86D80CA026486FA000BBE936 /* ConnectingViewController.swift */ = {isa = PBXFileReference; lastKnownFileType = sourcecode.swift; path = ConnectingViewController.swift; sourceTree = "<group>"; };
		86D80CA226486FDF00BBE936 /* UIViewControllerExtensions.swift */ = {isa = PBXFileReference; lastKnownFileType = sourcecode.swift; path = UIViewControllerExtensions.swift; sourceTree = "<group>"; };
		86D80CA4264870C800BBE936 /* ConstraintExtension.swift */ = {isa = PBXFileReference; lastKnownFileType = sourcecode.swift; path = ConstraintExtension.swift; sourceTree = "<group>"; };
		86D80CA82648731D00BBE936 /* HomeViewController.swift */ = {isa = PBXFileReference; lastKnownFileType = sourcecode.swift; path = HomeViewController.swift; sourceTree = "<group>"; };
		86D80CAA2648735800BBE936 /* SpellsViewController.swift */ = {isa = PBXFileReference; lastKnownFileType = sourcecode.swift; path = SpellsViewController.swift; sourceTree = "<group>"; };
		86D80CAC264873F400BBE936 /* SpellsTableViewController.swift */ = {isa = PBXFileReference; lastKnownFileType = sourcecode.swift; path = SpellsTableViewController.swift; sourceTree = "<group>"; };
		86D80CAE2648743300BBE936 /* SpellCreatorViewController.swift */ = {isa = PBXFileReference; lastKnownFileType = sourcecode.swift; path = SpellCreatorViewController.swift; sourceTree = "<group>"; };
		86D80CB326487AED00BBE936 /* UIViewExtensions.swift */ = {isa = PBXFileReference; lastKnownFileType = sourcecode.swift; path = UIViewExtensions.swift; sourceTree = "<group>"; };
		86D80CB626487F2000BBE936 /* Spell.swift */ = {isa = PBXFileReference; lastKnownFileType = sourcecode.swift; path = Spell.swift; sourceTree = "<group>"; };
/* End PBXFileReference section */

/* Begin PBXFrameworksBuildPhase section */
		869E9B2B26485E910081B2A2 /* Frameworks */ = {
			isa = PBXFrameworksBuildPhase;
			buildActionMask = 2147483647;
			files = (
				869E9B4726485EAC0081B2A2 /* WandKit in Frameworks */,
			);
			runOnlyForDeploymentPostprocessing = 0;
		};
/* End PBXFrameworksBuildPhase section */

/* Begin PBXGroup section */
		869E9B2526485E910081B2A2 = {
			isa = PBXGroup;
			children = (
				869E9B3026485E910081B2A2 /* wand */,
				869E9B2F26485E910081B2A2 /* Products */,
			);
			sourceTree = "<group>";
		};
		869E9B2F26485E910081B2A2 /* Products */ = {
			isa = PBXGroup;
			children = (
				869E9B2E26485E910081B2A2 /* wand.app */,
			);
			name = Products;
			sourceTree = "<group>";
		};
		869E9B3026485E910081B2A2 /* wand */ = {
			isa = PBXGroup;
			children = (
				86D80C9F26486F8F00BBE936 /* ViewControllers */,
				86D80C9C26486ECD00BBE936 /* Structs and Enums */,
				869E9B3126485E910081B2A2 /* AppDelegate.swift */,
				869E9B3326485E910081B2A2 /* SceneDelegate.swift */,
				869E9B3526485E910081B2A2 /* ViewController.swift */,
				869E9B3726485E910081B2A2 /* Main.storyboard */,
				869E9B3A26485E930081B2A2 /* Assets.xcassets */,
				869E9B3C26485E930081B2A2 /* LaunchScreen.storyboard */,
				869E9B3F26485E930081B2A2 /* Info.plist */,
			);
			path = wand;
			sourceTree = "<group>";
		};
		86D80C9C26486ECD00BBE936 /* Structs and Enums */ = {
			isa = PBXGroup;
			children = (
				86D80CB526487F0B00BBE936 /* Extensions */,
				86D80C9D26486ED800BBE936 /* State.swift */,
				86D80CB626487F2000BBE936 /* Spell.swift */,
				8692C05B264ABCF900F67D90 /* WPoint.swift */,
				86A0C96A2652A2CE00EA66EC /* SpellRunnerErrors.swift */,
			);
			path = "Structs and Enums";
			sourceTree = "<group>";
		};
		86D80C9F26486F8F00BBE936 /* ViewControllers */ = {
			isa = PBXGroup;
			children = (
				86D80CA6264872F000BBE936 /* Home */,
				86D80CA026486FA000BBE936 /* ConnectingViewController.swift */,
				86D80CAE2648743300BBE936 /* SpellCreatorViewController.swift */,
			);
			path = ViewControllers;
			sourceTree = "<group>";
		};
		86D80CA6264872F000BBE936 /* Home */ = {
			isa = PBXGroup;
			children = (
				86D80CA82648731D00BBE936 /* HomeViewController.swift */,
				86D80CAA2648735800BBE936 /* SpellsViewController.swift */,
				86D80CAC264873F400BBE936 /* SpellsTableViewController.swift */,
				864517C2264DCED300FB285B /* SpellRunnerViewController.swift */,
				86A13D3C26530EFF0003955C /* SettingsViewController.swift */,
			);
			path = Home;
			sourceTree = "<group>";
		};
		86D80CB526487F0B00BBE936 /* Extensions */ = {
			isa = PBXGroup;
			children = (
				86D80CA226486FDF00BBE936 /* UIViewControllerExtensions.swift */,
				86D80CA4264870C800BBE936 /* ConstraintExtension.swift */,
				86D80CB326487AED00BBE936 /* UIViewExtensions.swift */,
			);
			path = Extensions;
			sourceTree = "<group>";
		};
/* End PBXGroup section */

/* Begin PBXNativeTarget section */
		869E9B2D26485E910081B2A2 /* wand */ = {
			isa = PBXNativeTarget;
			buildConfigurationList = 869E9B4226485E930081B2A2 /* Build configuration list for PBXNativeTarget "wand" */;
			buildPhases = (
				869E9B2A26485E910081B2A2 /* Sources */,
				869E9B2B26485E910081B2A2 /* Frameworks */,
				869E9B2C26485E910081B2A2 /* Resources */,
			);
			buildRules = (
			);
			dependencies = (
			);
			name = wand;
			packageProductDependencies = (
				869E9B4626485EAC0081B2A2 /* WandKit */,
			);
			productName = wand;
			productReference = 869E9B2E26485E910081B2A2 /* wand.app */;
			productType = "com.apple.product-type.application";
		};
/* End PBXNativeTarget section */

/* Begin PBXProject section */
		869E9B2626485E910081B2A2 /* Project object */ = {
			isa = PBXProject;
			attributes = {
				LastSwiftUpdateCheck = 1250;
				LastUpgradeCheck = 1250;
				TargetAttributes = {
					869E9B2D26485E910081B2A2 = {
						CreatedOnToolsVersion = 12.5;
					};
				};
			};
			buildConfigurationList = 869E9B2926485E910081B2A2 /* Build configuration list for PBXProject "wand" */;
			compatibilityVersion = "Xcode 9.3";
			developmentRegion = en;
			hasScannedForEncodings = 0;
			knownRegions = (
				en,
				Base,
			);
			mainGroup = 869E9B2526485E910081B2A2;
			packageReferences = (
				869E9B4526485EAC0081B2A2 /* XCRemoteSwiftPackageReference "WandKit" */,
			);
			productRefGroup = 869E9B2F26485E910081B2A2 /* Products */;
			projectDirPath = "";
			projectRoot = "";
			targets = (
				869E9B2D26485E910081B2A2 /* wand */,
			);
		};
/* End PBXProject section */

/* Begin PBXResourcesBuildPhase section */
		869E9B2C26485E910081B2A2 /* Resources */ = {
			isa = PBXResourcesBuildPhase;
			buildActionMask = 2147483647;
			files = (
				869E9B3E26485E930081B2A2 /* LaunchScreen.storyboard in Resources */,
				869E9B3B26485E930081B2A2 /* Assets.xcassets in Resources */,
				869E9B3926485E910081B2A2 /* Main.storyboard in Resources */,
			);
			runOnlyForDeploymentPostprocessing = 0;
		};
/* End PBXResourcesBuildPhase section */

/* Begin PBXSourcesBuildPhase section */
		869E9B2A26485E910081B2A2 /* Sources */ = {
			isa = PBXSourcesBuildPhase;
			buildActionMask = 2147483647;
			files = (
				869E9B3626485E910081B2A2 /* ViewController.swift in Sources */,
				869E9B3226485E910081B2A2 /* AppDelegate.swift in Sources */,
				8692C05C264ABCF900F67D90 /* WPoint.swift in Sources */,
				869E9B3426485E910081B2A2 /* SceneDelegate.swift in Sources */,
				86D80CA92648731D00BBE936 /* HomeViewController.swift in Sources */,
				86D80CAB2648735800BBE936 /* SpellsViewController.swift in Sources */,
				86D80C9E26486ED800BBE936 /* State.swift in Sources */,
				86D80CAD264873F400BBE936 /* SpellsTableViewController.swift in Sources */,
				86D80CA5264870C800BBE936 /* ConstraintExtension.swift in Sources */,
				86A0C96B2652A2CE00EA66EC /* SpellRunnerErrors.swift in Sources */,
				86D80CAF2648743300BBE936 /* SpellCreatorViewController.swift in Sources */,
				86D80CA326486FDF00BBE936 /* UIViewControllerExtensions.swift in Sources */,
				86A13D3D26530EFF0003955C /* SettingsViewController.swift in Sources */,
				864517C3264DCED300FB285B /* SpellRunnerViewController.swift in Sources */,
				86D80CB426487AED00BBE936 /* UIViewExtensions.swift in Sources */,
				86D80CB726487F2000BBE936 /* Spell.swift in Sources */,
				86D80CA126486FA000BBE936 /* ConnectingViewController.swift in Sources */,
			);
			runOnlyForDeploymentPostprocessing = 0;
		};
/* End PBXSourcesBuildPhase section */

/* Begin PBXVariantGroup section */
		869E9B3726485E910081B2A2 /* Main.storyboard */ = {
			isa = PBXVariantGroup;
			children = (
				869E9B3826485E910081B2A2 /* Base */,
			);
			name = Main.storyboard;
			sourceTree = "<group>";
		};
		869E9B3C26485E930081B2A2 /* LaunchScreen.storyboard */ = {
			isa = PBXVariantGroup;
			children = (
				869E9B3D26485E930081B2A2 /* Base */,
			);
			name = LaunchScreen.storyboard;
			sourceTree = "<group>";
		};
/* End PBXVariantGroup section */

/* Begin XCBuildConfiguration section */
		869E9B4026485E930081B2A2 /* Debug */ = {
			isa = XCBuildConfiguration;
			buildSettings = {
				ALWAYS_SEARCH_USER_PATHS = NO;
				CLANG_ANALYZER_NONNULL = YES;
				CLANG_ANALYZER_NUMBER_OBJECT_CONVERSION = YES_AGGRESSIVE;
				CLANG_CXX_LANGUAGE_STANDARD = "gnu++14";
				CLANG_CXX_LIBRARY = "libc++";
				CLANG_ENABLE_MODULES = YES;
				CLANG_ENABLE_OBJC_ARC = YES;
				CLANG_ENABLE_OBJC_WEAK = YES;
				CLANG_WARN_BLOCK_CAPTURE_AUTORELEASING = YES;
				CLANG_WARN_BOOL_CONVERSION = YES;
				CLANG_WARN_COMMA = YES;
				CLANG_WARN_CONSTANT_CONVERSION = YES;
				CLANG_WARN_DEPRECATED_OBJC_IMPLEMENTATIONS = YES;
				CLANG_WARN_DIRECT_OBJC_ISA_USAGE = YES_ERROR;
				CLANG_WARN_DOCUMENTATION_COMMENTS = YES;
				CLANG_WARN_EMPTY_BODY = YES;
				CLANG_WARN_ENUM_CONVERSION = YES;
				CLANG_WARN_INFINITE_RECURSION = YES;
				CLANG_WARN_INT_CONVERSION = YES;
				CLANG_WARN_NON_LITERAL_NULL_CONVERSION = YES;
				CLANG_WARN_OBJC_IMPLICIT_RETAIN_SELF = YES;
				CLANG_WARN_OBJC_LITERAL_CONVERSION = YES;
				CLANG_WARN_OBJC_ROOT_CLASS = YES_ERROR;
				CLANG_WARN_QUOTED_INCLUDE_IN_FRAMEWORK_HEADER = YES;
				CLANG_WARN_RANGE_LOOP_ANALYSIS = YES;
				CLANG_WARN_STRICT_PROTOTYPES = YES;
				CLANG_WARN_SUSPICIOUS_MOVE = YES;
				CLANG_WARN_UNGUARDED_AVAILABILITY = YES_AGGRESSIVE;
				CLANG_WARN_UNREACHABLE_CODE = YES;
				CLANG_WARN__DUPLICATE_METHOD_MATCH = YES;
				COPY_PHASE_STRIP = NO;
				DEBUG_INFORMATION_FORMAT = dwarf;
				ENABLE_STRICT_OBJC_MSGSEND = YES;
				ENABLE_TESTABILITY = YES;
				GCC_C_LANGUAGE_STANDARD = gnu11;
				GCC_DYNAMIC_NO_PIC = NO;
				GCC_NO_COMMON_BLOCKS = YES;
				GCC_OPTIMIZATION_LEVEL = 0;
				GCC_PREPROCESSOR_DEFINITIONS = (
					"DEBUG=1",
					"$(inherited)",
				);
				GCC_WARN_64_TO_32_BIT_CONVERSION = YES;
				GCC_WARN_ABOUT_RETURN_TYPE = YES_ERROR;
				GCC_WARN_UNDECLARED_SELECTOR = YES;
				GCC_WARN_UNINITIALIZED_AUTOS = YES_AGGRESSIVE;
				GCC_WARN_UNUSED_FUNCTION = YES;
				GCC_WARN_UNUSED_VARIABLE = YES;
				IPHONEOS_DEPLOYMENT_TARGET = 14.1;
				MTL_ENABLE_DEBUG_INFO = INCLUDE_SOURCE;
				MTL_FAST_MATH = YES;
				ONLY_ACTIVE_ARCH = YES;
				SDKROOT = iphoneos;
				SWIFT_ACTIVE_COMPILATION_CONDITIONS = DEBUG;
				SWIFT_OPTIMIZATION_LEVEL = "-Onone";
			};
			name = Debug;
		};
		869E9B4126485E930081B2A2 /* Release */ = {
			isa = XCBuildConfiguration;
			buildSettings = {
				ALWAYS_SEARCH_USER_PATHS = NO;
				CLANG_ANALYZER_NONNULL = YES;
				CLANG_ANALYZER_NUMBER_OBJECT_CONVERSION = YES_AGGRESSIVE;
				CLANG_CXX_LANGUAGE_STANDARD = "gnu++14";
				CLANG_CXX_LIBRARY = "libc++";
				CLANG_ENABLE_MODULES = YES;
				CLANG_ENABLE_OBJC_ARC = YES;
				CLANG_ENABLE_OBJC_WEAK = YES;
				CLANG_WARN_BLOCK_CAPTURE_AUTORELEASING = YES;
				CLANG_WARN_BOOL_CONVERSION = YES;
				CLANG_WARN_COMMA = YES;
				CLANG_WARN_CONSTANT_CONVERSION = YES;
				CLANG_WARN_DEPRECATED_OBJC_IMPLEMENTATIONS = YES;
				CLANG_WARN_DIRECT_OBJC_ISA_USAGE = YES_ERROR;
				CLANG_WARN_DOCUMENTATION_COMMENTS = YES;
				CLANG_WARN_EMPTY_BODY = YES;
				CLANG_WARN_ENUM_CONVERSION = YES;
				CLANG_WARN_INFINITE_RECURSION = YES;
				CLANG_WARN_INT_CONVERSION = YES;
				CLANG_WARN_NON_LITERAL_NULL_CONVERSION = YES;
				CLANG_WARN_OBJC_IMPLICIT_RETAIN_SELF = YES;
				CLANG_WARN_OBJC_LITERAL_CONVERSION = YES;
				CLANG_WARN_OBJC_ROOT_CLASS = YES_ERROR;
				CLANG_WARN_QUOTED_INCLUDE_IN_FRAMEWORK_HEADER = YES;
				CLANG_WARN_RANGE_LOOP_ANALYSIS = YES;
				CLANG_WARN_STRICT_PROTOTYPES = YES;
				CLANG_WARN_SUSPICIOUS_MOVE = YES;
				CLANG_WARN_UNGUARDED_AVAILABILITY = YES_AGGRESSIVE;
				CLANG_WARN_UNREACHABLE_CODE = YES;
				CLANG_WARN__DUPLICATE_METHOD_MATCH = YES;
				COPY_PHASE_STRIP = NO;
				DEBUG_INFORMATION_FORMAT = "dwarf-with-dsym";
				ENABLE_NS_ASSERTIONS = NO;
				ENABLE_STRICT_OBJC_MSGSEND = YES;
				GCC_C_LANGUAGE_STANDARD = gnu11;
				GCC_NO_COMMON_BLOCKS = YES;
				GCC_WARN_64_TO_32_BIT_CONVERSION = YES;
				GCC_WARN_ABOUT_RETURN_TYPE = YES_ERROR;
				GCC_WARN_UNDECLARED_SELECTOR = YES;
				GCC_WARN_UNINITIALIZED_AUTOS = YES_AGGRESSIVE;
				GCC_WARN_UNUSED_FUNCTION = YES;
				GCC_WARN_UNUSED_VARIABLE = YES;
				IPHONEOS_DEPLOYMENT_TARGET = 14.1;
				MTL_ENABLE_DEBUG_INFO = NO;
				MTL_FAST_MATH = YES;
				SDKROOT = iphoneos;
				SWIFT_COMPILATION_MODE = wholemodule;
				SWIFT_OPTIMIZATION_LEVEL = "-O";
				VALIDATE_PRODUCT = YES;
			};
			name = Release;
		};
		869E9B4326485E930081B2A2 /* Debug */ = {
			isa = XCBuildConfiguration;
			buildSettings = {
				ASSETCATALOG_COMPILER_APPICON_NAME = AppIcon;
				ASSETCATALOG_COMPILER_GLOBAL_ACCENT_COLOR_NAME = AccentColor;
				CODE_SIGN_STYLE = Automatic;
				DEVELOPMENT_TEAM = BZJD7698W5;
				INFOPLIST_FILE = wand/Info.plist;
				LD_RUNPATH_SEARCH_PATHS = (
					"$(inherited)",
					"@executable_path/Frameworks",
				);
				PRODUCT_BUNDLE_IDENTIFIER = page.juliette.wand;
				PRODUCT_NAME = "$(TARGET_NAME)";
				SWIFT_VERSION = 5.0;
				TARGETED_DEVICE_FAMILY = "1,2";
			};
			name = Debug;
		};
		869E9B4426485E930081B2A2 /* Release */ = {
			isa = XCBuildConfiguration;
			buildSettings = {
				ASSETCATALOG_COMPILER_APPICON_NAME = AppIcon;
				ASSETCATALOG_COMPILER_GLOBAL_ACCENT_COLOR_NAME = AccentColor;
				CODE_SIGN_STYLE = Automatic;
				DEVELOPMENT_TEAM = BZJD7698W5;
				INFOPLIST_FILE = wand/Info.plist;
				LD_RUNPATH_SEARCH_PATHS = (
					"$(inherited)",
					"@executable_path/Frameworks",
				);
				PRODUCT_BUNDLE_IDENTIFIER = page.juliette.wand;
				PRODUCT_NAME = "$(TARGET_NAME)";
				SWIFT_VERSION = 5.0;
				TARGETED_DEVICE_FAMILY = "1,2";
			};
			name = Release;
		};
/* End XCBuildConfiguration section */

/* Begin XCConfigurationList section */
		869E9B2926485E910081B2A2 /* Build configuration list for PBXProject "wand" */ = {
			isa = XCConfigurationList;
			buildConfigurations = (
				869E9B4026485E930081B2A2 /* Debug */,
				869E9B4126485E930081B2A2 /* Release */,
			);
			defaultConfigurationIsVisible = 0;
			defaultConfigurationName = Release;
		};
		869E9B4226485E930081B2A2 /* Build configuration list for PBXNativeTarget "wand" */ = {
			isa = XCConfigurationList;
			buildConfigurations = (
				869E9B4326485E930081B2A2 /* Debug */,
				869E9B4426485E930081B2A2 /* Release */,
			);
			defaultConfigurationIsVisible = 0;
			defaultConfigurationName = Release;
		};
/* End XCConfigurationList section */

/* Begin XCRemoteSwiftPackageReference section */
		869E9B4526485EAC0081B2A2 /* XCRemoteSwiftPackageReference "WandKit" */ = {
			isa = XCRemoteSwiftPackageReference;
			repositoryURL = "https://github.com/justnaa/WandKit";
			requirement = {
				branch = love;
				kind = branch;
			};
		};
/* End XCRemoteSwiftPackageReference section */

/* Begin XCSwiftPackageProductDependency section */
		869E9B4626485EAC0081B2A2 /* WandKit */ = {
			isa = XCSwiftPackageProductDependency;
			package = 869E9B4526485EAC0081B2A2 /* XCRemoteSwiftPackageReference "WandKit" */;
			productName = WandKit;
		};
/* End XCSwiftPackageProductDependency section */
	};
	rootObject = 869E9B2626485E910081B2A2 /* Project object */;
}
